
Microsoft Visual Studio Solution File, Format Version 12.00
# Visual Studio Version 17
VisualStudioVersion = 17.0.31903.59
MinimumVisualStudioVersion = 10.0.40219.1
Project("{FAE04EC0-301F-11D3-BF4B-00C04F79EFBC}") = "CrudApp.Tests", "CrudApp.Tests\CrudApp.Tests.csproj", "{324342E7-3D49-4079-A6E3-2F05E7621B33}"
EndProject
Project("{FAE04EC0-301F-11D3-BF4B-00C04F79EFBC}") = "CrudApp", "CrudApp\CrudApp.csproj", "{295DEED9-4DC7-42AF-8691-71C49677450D}"
EndProject
Global
	GlobalSection(SolutionConfigurationPlatforms) = preSolution
		Debug|Any CPU = Debug|Any CPU
		Release|Any CPU = Release|Any CPU
	EndGlobalSection
	GlobalSection(SolutionProperties) = preSolution
		HideSolutionNode = FALSE
	EndGlobalSection
	GlobalSection(ProjectConfigurationPlatforms) = postSolution
		{324342E7-3D49-4079-A6E3-2F05E7621B33}.Debug|Any CPU.ActiveCfg = Debug|Any CPU
		{324342E7-3D49-4079-A6E3-2F05E7621B33}.Debug|Any CPU.Build.0 = Debug|Any CPU
		{324342E7-3D49-4079-A6E3-2F05E7621B33}.Release|Any CPU.ActiveCfg = Release|Any CPU
		{324342E7-3D49-4079-A6E3-2F05E7621B33}.Release|Any CPU.Build.0 = Release|Any CPU
		{295DEED9-4DC7-42AF-8691-71C49677450D}.Debug|Any CPU.ActiveCfg = Debug|Any CPU
		{295DEED9-4DC7-42AF-8691-71C49677450D}.Debug|Any CPU.Build.0 = Debug|Any CPU
		{295DEED9-4DC7-42AF-8691-71C49677450D}.Release|Any CPU.ActiveCfg = Release|Any CPU
		{295DEED9-4DC7-42AF-8691-71C49677450D}.Release|Any CPU.Build.0 = Release|Any CPU
	EndGlobalSection
EndGlobal
